
Microsoft Visual Studio Solution File, Format Version 12.00
# Visual Studio 15
VisualStudioVersion = 15.0.27130.2036
MinimumVisualStudioVersion = 10.0.40219.1
Project("{FAE04EC0-301F-11D3-BF4B-00C04F79EFBC}") = "01. Odd Lines", "01. Odd Lines\01. Odd Lines.csproj", "{ED9393B5-F1F9-4B63-9417-D2C652E666B7}"
EndProject
Global
	GlobalSection(SolutionConfigurationPlatforms) = preSolution
		Debug|Any CPU = Debug|Any CPU
		Release|Any CPU = Release|Any CPU
	EndGlobalSection
	GlobalSection(ProjectConfigurationPlatforms) = postSolution
		{ED9393B5-F1F9-4B63-9417-D2C652E666B7}.Debug|Any CPU.ActiveCfg = Debug|Any CPU
		{ED9393B5-F1F9-4B63-9417-D2C652E666B7}.Debug|Any CPU.Build.0 = Debug|Any CPU
		{ED9393B5-F1F9-4B63-9417-D2C652E666B7}.Release|Any CPU.ActiveCfg = Release|Any CPU
		{ED9393B5-F1F9-4B63-9417-D2C652E666B7}.Release|Any CPU.Build.0 = Release|Any CPU
	EndGlobalSection
	GlobalSection(SolutionProperties) = preSolution
		HideSolutionNode = FALSE
	EndGlobalSection
	GlobalSection(ExtensibilityGlobals) = postSolution
		SolutionGuid = {81CF425B-CAA0-4EE2-80C8-ADA2C3164C6C}
	EndGlobalSection
EndGlobal
