
Microsoft Visual Studio Solution File, Format Version 12.00
# Visual Studio 15
VisualStudioVersion = 15.0.27130.2027
MinimumVisualStudioVersion = 10.0.40219.1
Project("{9A19103F-16F7-4668-BE54-9A1E7A4F7556}") = "01. Count Real Numbers", "01. Count Real Numbers\01. Count Real Numbers.csproj", "{482A4197-CA93-4401-B094-37296EC5F6EA}"
EndProject
Project("{9A19103F-16F7-4668-BE54-9A1E7A4F7556}") = "02. Odd Occurrences", "02. Odd Occurrences\02. Odd Occurrences.csproj", "{ACD87062-7638-4BF4-B252-BB25C84991FC}"
EndProject
Project("{9A19103F-16F7-4668-BE54-9A1E7A4F7556}") = "03. Min, Max, Sum, Average", "03. Min, Max, Sum, Average\03. Min, Max, Sum, Average.csproj", "{B09B4AAF-39C9-4CBF-A3D0-AB271CC7895F}"
EndProject
Project("{9A19103F-16F7-4668-BE54-9A1E7A4F7556}") = "04. Largest 3 Numbers", "04. Largest 3 Numbers\04. Largest 3 Numbers.csproj", "{82DD275B-03D4-4527-9344-44FA73736950}"
EndProject
Project("{FAE04EC0-301F-11D3-BF4B-00C04F79EFBC}") = "05. Short Words Sorted", "5. Short Words Sorted\05. Short Words Sorted.csproj", "{4E362D6F-1118-46B1-95C2-5F1B56DD6D24}"
EndProject
Project("{FAE04EC0-301F-11D3-BF4B-00C04F79EFBC}") = "06. Fold and Sum", "06. Fold and Sum\06. Fold and Sum.csproj", "{779ECE9D-109D-4765-81F8-2BFA6E41F8FC}"
EndProject
Global
	GlobalSection(SolutionConfigurationPlatforms) = preSolution
		Debug|Any CPU = Debug|Any CPU
		Release|Any CPU = Release|Any CPU
	EndGlobalSection
	GlobalSection(ProjectConfigurationPlatforms) = postSolution
		{482A4197-CA93-4401-B094-37296EC5F6EA}.Debug|Any CPU.ActiveCfg = Debug|Any CPU
		{482A4197-CA93-4401-B094-37296EC5F6EA}.Debug|Any CPU.Build.0 = Debug|Any CPU
		{482A4197-CA93-4401-B094-37296EC5F6EA}.Release|Any CPU.ActiveCfg = Release|Any CPU
		{482A4197-CA93-4401-B094-37296EC5F6EA}.Release|Any CPU.Build.0 = Release|Any CPU
		{ACD87062-7638-4BF4-B252-BB25C84991FC}.Debug|Any CPU.ActiveCfg = Debug|Any CPU
		{ACD87062-7638-4BF4-B252-BB25C84991FC}.Debug|Any CPU.Build.0 = Debug|Any CPU
		{ACD87062-7638-4BF4-B252-BB25C84991FC}.Release|Any CPU.ActiveCfg = Release|Any CPU
		{ACD87062-7638-4BF4-B252-BB25C84991FC}.Release|Any CPU.Build.0 = Release|Any CPU
		{B09B4AAF-39C9-4CBF-A3D0-AB271CC7895F}.Debug|Any CPU.ActiveCfg = Debug|Any CPU
		{B09B4AAF-39C9-4CBF-A3D0-AB271CC7895F}.Debug|Any CPU.Build.0 = Debug|Any CPU
		{B09B4AAF-39C9-4CBF-A3D0-AB271CC7895F}.Release|Any CPU.ActiveCfg = Release|Any CPU
		{B09B4AAF-39C9-4CBF-A3D0-AB271CC7895F}.Release|Any CPU.Build.0 = Release|Any CPU
		{82DD275B-03D4-4527-9344-44FA73736950}.Debug|Any CPU.ActiveCfg = Debug|Any CPU
		{82DD275B-03D4-4527-9344-44FA73736950}.Debug|Any CPU.Build.0 = Debug|Any CPU
		{82DD275B-03D4-4527-9344-44FA73736950}.Release|Any CPU.ActiveCfg = Release|Any CPU
		{82DD275B-03D4-4527-9344-44FA73736950}.Release|Any CPU.Build.0 = Release|Any CPU
		{4E362D6F-1118-46B1-95C2-5F1B56DD6D24}.Debug|Any CPU.ActiveCfg = Debug|Any CPU
		{4E362D6F-1118-46B1-95C2-5F1B56DD6D24}.Debug|Any CPU.Build.0 = Debug|Any CPU
		{4E362D6F-1118-46B1-95C2-5F1B56DD6D24}.Release|Any CPU.ActiveCfg = Release|Any CPU
		{4E362D6F-1118-46B1-95C2-5F1B56DD6D24}.Release|Any CPU.Build.0 = Release|Any CPU
		{779ECE9D-109D-4765-81F8-2BFA6E41F8FC}.Debug|Any CPU.ActiveCfg = Debug|Any CPU
		{779ECE9D-109D-4765-81F8-2BFA6E41F8FC}.Debug|Any CPU.Build.0 = Debug|Any CPU
		{779ECE9D-109D-4765-81F8-2BFA6E41F8FC}.Release|Any CPU.ActiveCfg = Release|Any CPU
		{779ECE9D-109D-4765-81F8-2BFA6E41F8FC}.Release|Any CPU.Build.0 = Release|Any CPU
	EndGlobalSection
	GlobalSection(SolutionProperties) = preSolution
		HideSolutionNode = FALSE
	EndGlobalSection
	GlobalSection(ExtensibilityGlobals) = postSolution
		SolutionGuid = {2C8F6737-E371-48DA-864B-2D9AAC75EE50}
	EndGlobalSection
EndGlobal
