
Microsoft Visual Studio Solution File, Format Version 12.00
# Visual Studio 15
VisualStudioVersion = 15.0.27130.2024
MinimumVisualStudioVersion = 10.0.40219.1
Project("{FAE04EC0-301F-11D3-BF4B-00C04F79EFBC}") = "01greeting", "01greeting\01greeting.csproj", "{477E1FBD-8E23-43BB-853A-20780FB04501}"
EndProject
Project("{FAE04EC0-301F-11D3-BF4B-00C04F79EFBC}") = "02addTwoNumbers", "02addTwoNumbers\02addTwoNumbers.csproj", "{62E8D7E5-2202-4ABC-A893-549E3015006B}"
EndProject
Project("{FAE04EC0-301F-11D3-BF4B-00C04F79EFBC}") = "03employee data", "03employee data\03employee data.csproj", "{1851E86D-96BE-49FB-9EAD-8FC8B11FD58B}"
EndProject
Global
	GlobalSection(SolutionConfigurationPlatforms) = preSolution
		Debug|Any CPU = Debug|Any CPU
		Release|Any CPU = Release|Any CPU
	EndGlobalSection
	GlobalSection(ProjectConfigurationPlatforms) = postSolution
		{477E1FBD-8E23-43BB-853A-20780FB04501}.Debug|Any CPU.ActiveCfg = Debug|Any CPU
		{477E1FBD-8E23-43BB-853A-20780FB04501}.Debug|Any CPU.Build.0 = Debug|Any CPU
		{477E1FBD-8E23-43BB-853A-20780FB04501}.Release|Any CPU.ActiveCfg = Release|Any CPU
		{477E1FBD-8E23-43BB-853A-20780FB04501}.Release|Any CPU.Build.0 = Release|Any CPU
		{62E8D7E5-2202-4ABC-A893-549E3015006B}.Debug|Any CPU.ActiveCfg = Debug|Any CPU
		{62E8D7E5-2202-4ABC-A893-549E3015006B}.Debug|Any CPU.Build.0 = Debug|Any CPU
		{62E8D7E5-2202-4ABC-A893-549E3015006B}.Release|Any CPU.ActiveCfg = Release|Any CPU
		{62E8D7E5-2202-4ABC-A893-549E3015006B}.Release|Any CPU.Build.0 = Release|Any CPU
		{1851E86D-96BE-49FB-9EAD-8FC8B11FD58B}.Debug|Any CPU.ActiveCfg = Debug|Any CPU
		{1851E86D-96BE-49FB-9EAD-8FC8B11FD58B}.Debug|Any CPU.Build.0 = Debug|Any CPU
		{1851E86D-96BE-49FB-9EAD-8FC8B11FD58B}.Release|Any CPU.ActiveCfg = Release|Any CPU
		{1851E86D-96BE-49FB-9EAD-8FC8B11FD58B}.Release|Any CPU.Build.0 = Release|Any CPU
	EndGlobalSection
	GlobalSection(SolutionProperties) = preSolution
		HideSolutionNode = FALSE
	EndGlobalSection
	GlobalSection(ExtensibilityGlobals) = postSolution
		SolutionGuid = {44D9C0FF-87E1-4801-BDB8-7D2FBA74A605}
	EndGlobalSection
EndGlobal
